
Microsoft Visual Studio Solution File, Format Version 12.00
# Visual Studio Version 17
VisualStudioVersion = 17.6.33723.286
MinimumVisualStudioVersion = 10.0.40219.1
Project("{8BC9CEB8-8B4A-11D0-8D11-00A0C91BC942}") = "CodeEncryption", "CodeEncryption\CodeEncryption.vcxproj", "{83E936D6-F0B0-45F3-B8C3-911793DA0421}"
EndProject
Project("{8BC9CEB8-8B4A-11D0-8D11-00A0C91BC942}") = "Encryptor", "Encryptor\Encryptor.vcxproj", "{94D9B332-C324-4A34-8A5E-30FEFC4E3472}"
EndProject
Global
	GlobalSection(SolutionConfigurationPlatforms) = preSolution
		Debug|x64 = Debug|x64
		Debug|x86 = Debug|x86
		Release|x64 = Release|x64
		Release|x86 = Release|x86
	EndGlobalSection
	GlobalSection(ProjectConfigurationPlatforms) = postSolution
		{83E936D6-F0B0-45F3-B8C3-911793DA0421}.Debug|x64.ActiveCfg = Debug|Win32
		{83E936D6-F0B0-45F3-B8C3-911793DA0421}.Debug|x64.Build.0 = Debug|Win32
		{83E936D6-F0B0-45F3-B8C3-911793DA0421}.Debug|x86.ActiveCfg = Debug|Win32
		{83E936D6-F0B0-45F3-B8C3-911793DA0421}.Debug|x86.Build.0 = Debug|Win32
		{83E936D6-F0B0-45F3-B8C3-911793DA0421}.Release|x64.ActiveCfg = Release|x64
		{83E936D6-F0B0-45F3-B8C3-911793DA0421}.Release|x64.Build.0 = Release|x64
		{83E936D6-F0B0-45F3-B8C3-911793DA0421}.Release|x86.ActiveCfg = Release|Win32
		{83E936D6-F0B0-45F3-B8C3-911793DA0421}.Release|x86.Build.0 = Release|Win32
		{94D9B332-C324-4A34-8A5E-30FEFC4E3472}.Debug|x64.ActiveCfg = Debug|Win32
		{94D9B332-C324-4A34-8A5E-30FEFC4E3472}.Debug|x64.Build.0 = Debug|Win32
		{94D9B332-C324-4A34-8A5E-30FEFC4E3472}.Debug|x86.ActiveCfg = Debug|Win32
		{94D9B332-C324-4A34-8A5E-30FEFC4E3472}.Debug|x86.Build.0 = Debug|Win32
		{94D9B332-C324-4A34-8A5E-30FEFC4E3472}.Release|x64.ActiveCfg = Release|x64
		{94D9B332-C324-4A34-8A5E-30FEFC4E3472}.Release|x64.Build.0 = Release|x64
		{94D9B332-C324-4A34-8A5E-30FEFC4E3472}.Release|x86.ActiveCfg = Release|Win32
		{94D9B332-C324-4A34-8A5E-30FEFC4E3472}.Release|x86.Build.0 = Release|Win32
	EndGlobalSection
	GlobalSection(SolutionProperties) = preSolution
		HideSolutionNode = FALSE
	EndGlobalSection
	GlobalSection(ExtensibilityGlobals) = postSolution
		SolutionGuid = {2E8D188E-9F2D-4FC0-A850-B9DBBF548F10}
	EndGlobalSection
EndGlobal
